
Microsoft Visual Studio Solution File, Format Version 12.00
# Visual Studio Version 16
VisualStudioVersion = 16.0.31005.135
MinimumVisualStudioVersion = 10.0.40219.1
Project("{FAE04EC0-301F-11D3-BF4B-00C04F79EFBC}") = "UploadImageOnAzureBlobStorage", "UploadImageOnAzureBlobStorage\UploadImageOnAzureBlobStorage.csproj", "{B9B03377-A153-46B7-B040-A49FA16B578C}"
EndProject
Global
	GlobalSection(SolutionConfigurationPlatforms) = preSolution
		Debug|Any CPU = Debug|Any CPU
		Release|Any CPU = Release|Any CPU
	EndGlobalSection
	GlobalSection(ProjectConfigurationPlatforms) = postSolution
		{B9B03377-A153-46B7-B040-A49FA16B578C}.Debug|Any CPU.ActiveCfg = Debug|Any CPU
		{B9B03377-A153-46B7-B040-A49FA16B578C}.Debug|Any CPU.Build.0 = Debug|Any CPU
		{B9B03377-A153-46B7-B040-A49FA16B578C}.Release|Any CPU.ActiveCfg = Release|Any CPU
		{B9B03377-A153-46B7-B040-A49FA16B578C}.Release|Any CPU.Build.0 = Release|Any CPU
	EndGlobalSection
	GlobalSection(SolutionProperties) = preSolution
		HideSolutionNode = FALSE
	EndGlobalSection
	GlobalSection(ExtensibilityGlobals) = postSolution
		SolutionGuid = {48FEA66C-B418-4334-96FF-1D3AC1CCD54A}
	EndGlobalSection
EndGlobal
